<?xml version="1.0" encoding="utf-8"?>
<Project ToolsVersion="4.0" xmlns="http://schemas.microsoft.com/developer/msbuild/2003">
  <ItemGroup>
    <Filter Include="Source Files">
      <UniqueIdentifier>{4FC737F1-C7A5-4376-A066-2A32D752A2FF}</UniqueIdentifier>
      <Extensions>cpp;c;cc;cxx;c++;def;odl;idl;hpj;bat;asm;asmx;h;hh;hpp;hxx;h++;hm;inl;inc;ipp;xsd</Extensions>
    </Filter>
    <Filter Include="Header Files">
      <UniqueIdentifier>{93995380-89BD-4b04-88EB-625FBE52EBFB}</UniqueIdentifier>
      <Extensions>h;hh;hpp;hxx;h++;hm;inl;inc;ipp;xsd</Extensions>
    </Filter>
    <Filter Include="Resource Files">
      <UniqueIdentifier>{67DA6AB6-F800-4c08-8B7A-83BB121AAD01}</UniqueIdentifier>
      <Extensions>rc;ico;cur;bmp;dlg;rc2;rct;bin;rgs;gif;jpg;jpeg;jpe;resx;tiff;tif;png;wav;mfcribbon-ms</Extensions>
    </Filter>
    <Filter Include="Source Files\FrameResources">
      <UniqueIdentifier>{5d51998f-90f9-4c7e-956f-72d95bf5f533}</UniqueIdentifier>
    </Filter>
    <Filter Include="Source Files\Helpers">
      <UniqueIdentifier>{1cea9545-1aae-4dce-acd5-840744ab1f08}</UniqueIdentifier>
    </Filter>
  </ItemGroup>
  <ItemGroup>
    <ClInclude Include="framework.h">
      <Filter>Header Files</Filter>
    </ClInclude>
    <ClInclude Include="targetver.h">
      <Filter>Header Files</Filter>
    </ClInclude>
    <ClInclude Include="Resource.h">
      <Filter>Header Files</Filter>
    </ClInclude>
    <ClInclude Include="MyBoxDemo.h">
      <Filter>Header Files</Filter>
    </ClInclude>
    <ClInclude Include="MainScene.h">
      <Filter>Source Files</Filter>
    </ClInclude>
    <ClInclude Include="AppFacade.h">
      <Filter>Source Files</Filter>
    </ClInclude>
    <ClInclude Include="Application.h">
      <Filter>Source Files</Filter>
    </ClInclude>
    <ClInclude Include="AppFacadeFactory.h">
      <Filter>Source Files</Filter>
    </ClInclude>
    <ClInclude Include="FrameResource.h">
      <Filter>Source Files\FrameResources</Filter>
    </ClInclude>
    <ClInclude Include="FrameResourceController.h">
      <Filter>Source Files\FrameResources</Filter>
    </ClInclude>
    <ClInclude Include="FrameResourceUpdater.h">
      <Filter>Source Files\FrameResources</Filter>
    </ClInclude>
    <ClInclude Include="MainPassDataProvider.h">
      <Filter>Source Files\FrameResources</Filter>
    </ClInclude>
    <ClInclude Include="MainPassData.h">
      <Filter>Source Files\FrameResources</Filter>
    </ClInclude>
    <ClInclude Include="ObjectsDataProvider.h">
      <Filter>Source Files\FrameResources</Filter>
    </ClInclude>
    <ClInclude Include="RenderItem.h">
      <Filter>Source Files\FrameResources</Filter>
    </ClInclude>
    <ClInclude Include="MathHelper.h">
      <Filter>Source Files\Helpers</Filter>
    </ClInclude>
    <ClInclude Include="UploadBuffer.h">
      <Filter>Source Files\Helpers</Filter>
    </ClInclude>
    <ClInclude Include="d3dUtil.h">
      <Filter>Source Files\Helpers</Filter>
    </ClInclude>
    <ClInclude Include="GameTimer.h">
      <Filter>Source Files\Helpers</Filter>
    </ClInclude>
    <ClInclude Include="ObjectConstants.h">
      <Filter>Source Files\FrameResources</Filter>
    </ClInclude>
    <ClInclude Include="PassConstants.h">
      <Filter>Source Files\FrameResources</Filter>
    </ClInclude>
    <ClInclude Include="GeometryStorage.h">
      <Filter>Source Files\FrameResources</Filter>
    </ClInclude>
    <ClInclude Include="GeometryGenerator.h">
      <Filter>Source Files\FrameResources</Filter>
    </ClInclude>
    <ClInclude Include="PipleneStateData.h">
      <Filter>Source Files\FrameResources</Filter>
    </ClInclude>
    <ClInclude Include="Vertex.h">
      <Filter>Source Files\FrameResources</Filter>
    </ClInclude>
    <ClInclude Include="Waves.h">
      <Filter>Source Files</Filter>
    </ClInclude>
    <ClInclude Include="MaterialsDataProvider.h">
      <Filter>Source Files\FrameResources</Filter>
    </ClInclude>
  </ItemGroup>
  <ItemGroup>
    <ClCompile Include="MyBoxDemo.cpp">
      <Filter>Source Files</Filter>
    </ClCompile>
    <ClCompile Include="MainScene.cpp">
      <Filter>Source Files</Filter>
    </ClCompile>
    <ClCompile Include="AppFacade.cpp">
      <Filter>Source Files</Filter>
    </ClCompile>
    <ClCompile Include="Application.cpp">
      <Filter>Source Files</Filter>
    </ClCompile>
    <ClCompile Include="AppFacadeFactory.cpp">
      <Filter>Source Files</Filter>
    </ClCompile>
    <ClCompile Include="FrameResource.cpp">
      <Filter>Source Files\FrameResources</Filter>
    </ClCompile>
    <ClCompile Include="FrameResourceController.cpp">
      <Filter>Source Files\FrameResources</Filter>
    </ClCompile>
    <ClCompile Include="FrameResourceUpdater.cpp">
      <Filter>Source Files\FrameResources</Filter>
    </ClCompile>
    <ClCompile Include="MainPassDataProvider.cpp">
      <Filter>Source Files\FrameResources</Filter>
    </ClCompile>
    <ClCompile Include="ObjectsDataProvider.cpp">
      <Filter>Source Files\FrameResources</Filter>
    </ClCompile>
    <ClCompile Include="MathHelper.cpp">
      <Filter>Source Files\Helpers</Filter>
    </ClCompile>
    <ClCompile Include="d3dUtil.cpp">
      <Filter>Source Files\Helpers</Filter>
    </ClCompile>
    <ClCompile Include="GameTimer.cpp">
      <Filter>Source Files\Helpers</Filter>
    </ClCompile>
    <ClCompile Include="GeometryGenerator.cpp">
      <Filter>Source Files\FrameResources</Filter>
    </ClCompile>
    <ClCompile Include="GeometryStorage.cpp">
      <Filter>Source Files\FrameResources</Filter>
    </ClCompile>
    <ClCompile Include="PipleneStateData.cpp">
      <Filter>Source Files\FrameResources</Filter>
    </ClCompile>
    <ClCompile Include="Waves.cpp">
      <Filter>Source Files</Filter>
    </ClCompile>
    <ClCompile Include="MaterialsDataProvider.cpp">
      <Filter>Source Files\FrameResources</Filter>
    </ClCompile>
  </ItemGroup>
</Project>