<?xml version="1.0" encoding="utf-8"?>
<Project ToolsVersion="4.0" xmlns="http://schemas.microsoft.com/developer/msbuild/2003">
  <ItemGroup>
    <Filter Include="Source Files">
      <UniqueIdentifier>{4FC737F1-C7A5-4376-A066-2A32D752A2FF}</UniqueIdentifier>
      <Extensions>cpp;c;cc;cxx;c++;def;odl;idl;hpj;bat;asm;asmx;h;hh;hpp;hxx;h++;hm;inl;inc;ipp;xsd</Extensions>
    </Filter>
    <Filter Include="Header Files">
      <UniqueIdentifier>{93995380-89BD-4b04-88EB-625FBE52EBFB}</UniqueIdentifier>
      <Extensions>h;hh;hpp;hxx;h++;hm;inl;inc;ipp;xsd</Extensions>
    </Filter>
    <Filter Include="Resource Files">
      <UniqueIdentifier>{67DA6AB6-F800-4c08-8B7A-83BB121AAD01}</UniqueIdentifier>
      <Extensions>rc;ico;cur;bmp;dlg;rc2;rct;bin;rgs;gif;jpg;jpeg;jpe;resx;tiff;tif;png;wav;mfcribbon-ms</Extensions>
    </Filter>
    <Filter Include="Source Files\FrameResources">
      <UniqueIdentifier>{5d51998f-90f9-4c7e-956f-72d95bf5f533}</UniqueIdentifier>
    </Filter>
    <Filter Include="Source Files\Helpers">
      <UniqueIdentifier>{1cea9545-1aae-4dce-acd5-840744ab1f08}</UniqueIdentifier>
    </Filter>
    <Filter Include="Source Files\Core">
      <UniqueIdentifier>{2553c0ea-3a74-4f43-866d-d48fe6366b14}</UniqueIdentifier>
    </Filter>
    <Filter Include="Source Files\DataProviders">
      <UniqueIdentifier>{802448c9-8f8b-4079-92b3-5b2ec534ad20}</UniqueIdentifier>
    </Filter>
    <Filter Include="Source Files\ShaderHelpers">
      <UniqueIdentifier>{ef2063c2-55ad-4c7e-b7b9-7bace16df357}</UniqueIdentifier>
    </Filter>
    <Filter Include="Source Files\Geometry">
      <UniqueIdentifier>{ce855547-4aa7-4201-bfa7-e4e2c367205c}</UniqueIdentifier>
    </Filter>
    <Filter Include="Source Files\Textures">
      <UniqueIdentifier>{159f8f3c-d9e1-4659-8a96-99ed215a3639}</UniqueIdentifier>
    </Filter>
    <Filter Include="Source Files\Shaders">
      <UniqueIdentifier>{4f93da43-d0c1-43d1-82af-48e47f953588}</UniqueIdentifier>
    </Filter>
    <Filter Include="Source Files\ImGui">
      <UniqueIdentifier>{b41a87f3-5891-4693-9940-31b3741d52ed}</UniqueIdentifier>
    </Filter>
    <Filter Include="Source Files\DynamicVertex">
      <UniqueIdentifier>{e2b5ed57-3db0-4ded-8f83-951b4a1b3b5e}</UniqueIdentifier>
    </Filter>
  </ItemGroup>
  <ItemGroup>
    <ClInclude Include="framework.h">
      <Filter>Header Files</Filter>
    </ClInclude>
    <ClInclude Include="targetver.h">
      <Filter>Header Files</Filter>
    </ClInclude>
    <ClInclude Include="Resource.h">
      <Filter>Header Files</Filter>
    </ClInclude>
    <ClInclude Include="MyBoxDemo.h">
      <Filter>Header Files</Filter>
    </ClInclude>
    <ClInclude Include="FrameResource.h">
      <Filter>Source Files\FrameResources</Filter>
    </ClInclude>
    <ClInclude Include="FrameResourceController.h">
      <Filter>Source Files\FrameResources</Filter>
    </ClInclude>
    <ClInclude Include="FrameResourceUpdater.h">
      <Filter>Source Files\FrameResources</Filter>
    </ClInclude>
    <ClInclude Include="MathHelper.h">
      <Filter>Source Files\Helpers</Filter>
    </ClInclude>
    <ClInclude Include="UploadBuffer.h">
      <Filter>Source Files\Helpers</Filter>
    </ClInclude>
    <ClInclude Include="d3dUtil.h">
      <Filter>Source Files\Helpers</Filter>
    </ClInclude>
    <ClInclude Include="GameTimer.h">
      <Filter>Source Files\Helpers</Filter>
    </ClInclude>
    <ClInclude Include="ObjectConstants.h">
      <Filter>Source Files\FrameResources</Filter>
    </ClInclude>
    <ClInclude Include="DDSTextureLoader.h">
      <Filter>Source Files\Helpers</Filter>
    </ClInclude>
    <ClInclude Include="Application.h">
      <Filter>Source Files\Core</Filter>
    </ClInclude>
    <ClInclude Include="AppFacade.h">
      <Filter>Source Files\Core</Filter>
    </ClInclude>
    <ClInclude Include="AppFacadeFactory.h">
      <Filter>Source Files\Core</Filter>
    </ClInclude>
    <ClInclude Include="Renderer.h">
      <Filter>Source Files\Core</Filter>
    </ClInclude>
    <ClInclude Include="ObjectsDataProvider.h">
      <Filter>Source Files\DataProviders</Filter>
    </ClInclude>
    <ClInclude Include="MaterialsDataProvider.h">
      <Filter>Source Files\DataProviders</Filter>
    </ClInclude>
    <ClInclude Include="MainPassDataProvider.h">
      <Filter>Source Files\DataProviders</Filter>
    </ClInclude>
    <ClInclude Include="MainPassData.h">
      <Filter>Source Files\DataProviders</Filter>
    </ClInclude>
    <ClInclude Include="RenderItem.h">
      <Filter>Source Files\DataProviders</Filter>
    </ClInclude>
    <ClInclude Include="PipleneStateData.h">
      <Filter>Source Files\ShaderHelpers</Filter>
    </ClInclude>
    <ClInclude Include="GeometryStorage.h">
      <Filter>Source Files\Geometry</Filter>
    </ClInclude>
    <ClInclude Include="GeometryGenerator.h">
      <Filter>Source Files\Geometry</Filter>
    </ClInclude>
    <ClInclude Include="PassConstants.h">
      <Filter>Source Files\FrameResources</Filter>
    </ClInclude>
    <ClInclude Include="MaterialConstants.h">
      <Filter>Source Files\FrameResources</Filter>
    </ClInclude>
    <ClInclude Include="Vertex.h">
      <Filter>Source Files\Geometry</Filter>
    </ClInclude>
    <ClInclude Include="TextureStaticSamplers.h">
      <Filter>Source Files\Textures</Filter>
    </ClInclude>
    <ClInclude Include="Material.h">
      <Filter>Source Files\DataProviders</Filter>
    </ClInclude>
    <ClInclude Include="Texture.h">
      <Filter>Source Files\Textures</Filter>
    </ClInclude>
    <ClInclude Include="ImGui\imconfig.h">
      <Filter>Source Files\ImGui</Filter>
    </ClInclude>
    <ClInclude Include="ImGui\imgui.h">
      <Filter>Source Files\ImGui</Filter>
    </ClInclude>
    <ClInclude Include="ImGui\imgui_impl_dx12.h">
      <Filter>Source Files\ImGui</Filter>
    </ClInclude>
    <ClInclude Include="ImGui\imgui_impl_win32.h">
      <Filter>Source Files\ImGui</Filter>
    </ClInclude>
    <ClInclude Include="ImGui\imgui_internal.h">
      <Filter>Source Files\ImGui</Filter>
    </ClInclude>
    <ClInclude Include="ImGui\imstb_rectpack.h">
      <Filter>Source Files\ImGui</Filter>
    </ClInclude>
    <ClInclude Include="ImGui\imstb_textedit.h">
      <Filter>Source Files\ImGui</Filter>
    </ClInclude>
    <ClInclude Include="ImGui\imstb_truetype.h">
      <Filter>Source Files\ImGui</Filter>
    </ClInclude>
    <ClInclude Include="ImGuiController.h">
      <Filter>Source Files</Filter>
    </ClInclude>
    <ClInclude Include="SrvHeapProvider.h">
      <Filter>Source Files\Textures</Filter>
    </ClInclude>
    <ClInclude Include="TexturesProvider.h">
      <Filter>Source Files\Textures</Filter>
    </ClInclude>
    <ClInclude Include="Waves.h">
      <Filter>Source Files\DynamicVertex</Filter>
    </ClInclude>
    <ClInclude Include="DynamicVertices.h">
      <Filter>Source Files\DynamicVertex</Filter>
    </ClInclude>
    <ClInclude Include="DynamicVerticesProvider.h">
      <Filter>Source Files\DynamicVertex</Filter>
    </ClInclude>
  </ItemGroup>
  <ItemGroup>
    <ClCompile Include="FrameResource.cpp">
      <Filter>Source Files\FrameResources</Filter>
    </ClCompile>
    <ClCompile Include="FrameResourceController.cpp">
      <Filter>Source Files\FrameResources</Filter>
    </ClCompile>
    <ClCompile Include="FrameResourceUpdater.cpp">
      <Filter>Source Files\FrameResources</Filter>
    </ClCompile>
    <ClCompile Include="MathHelper.cpp">
      <Filter>Source Files\Helpers</Filter>
    </ClCompile>
    <ClCompile Include="d3dUtil.cpp">
      <Filter>Source Files\Helpers</Filter>
    </ClCompile>
    <ClCompile Include="GameTimer.cpp">
      <Filter>Source Files\Helpers</Filter>
    </ClCompile>
    <ClCompile Include="DDSTextureLoader.cpp">
      <Filter>Source Files\Helpers</Filter>
    </ClCompile>
    <ClCompile Include="Application.cpp">
      <Filter>Source Files\Core</Filter>
    </ClCompile>
    <ClCompile Include="AppFacade.cpp">
      <Filter>Source Files\Core</Filter>
    </ClCompile>
    <ClCompile Include="AppFacadeFactory.cpp">
      <Filter>Source Files\Core</Filter>
    </ClCompile>
    <ClCompile Include="Renderer.cpp">
      <Filter>Source Files\Core</Filter>
    </ClCompile>
    <ClCompile Include="MainWindow.cpp">
      <Filter>Source Files</Filter>
    </ClCompile>
    <ClCompile Include="ObjectsDataProvider.cpp">
      <Filter>Source Files\DataProviders</Filter>
    </ClCompile>
    <ClCompile Include="MaterialsDataProvider.cpp">
      <Filter>Source Files\DataProviders</Filter>
    </ClCompile>
    <ClCompile Include="MainPassDataProvider.cpp">
      <Filter>Source Files\DataProviders</Filter>
    </ClCompile>
    <ClCompile Include="PipleneStateData.cpp">
      <Filter>Source Files\ShaderHelpers</Filter>
    </ClCompile>
    <ClCompile Include="GeometryGenerator.cpp">
      <Filter>Source Files\Geometry</Filter>
    </ClCompile>
    <ClCompile Include="GeometryStorage.cpp">
      <Filter>Source Files\Geometry</Filter>
    </ClCompile>
    <ClCompile Include="TextureStaticSamplers.cpp">
      <Filter>Source Files\Textures</Filter>
    </ClCompile>
    <ClCompile Include="ImGui\imgui.cpp">
      <Filter>Source Files\ImGui</Filter>
    </ClCompile>
    <ClCompile Include="ImGui\imgui_draw.cpp">
      <Filter>Source Files\ImGui</Filter>
    </ClCompile>
    <ClCompile Include="ImGui\imgui_impl_dx12.cpp">
      <Filter>Source Files\ImGui</Filter>
    </ClCompile>
    <ClCompile Include="ImGui\imgui_impl_win32.cpp">
      <Filter>Source Files\ImGui</Filter>
    </ClCompile>
    <ClCompile Include="ImGui\imgui_widgets.cpp">
      <Filter>Source Files\ImGui</Filter>
    </ClCompile>
    <ClCompile Include="ImGuiController.cpp">
      <Filter>Source Files</Filter>
    </ClCompile>
    <ClCompile Include="SrvHeapProvider.cpp">
      <Filter>Source Files\Textures</Filter>
    </ClCompile>
    <ClCompile Include="TexturesProvider.cpp">
      <Filter>Source Files\Textures</Filter>
    </ClCompile>
    <ClCompile Include="Waves.cpp">
      <Filter>Source Files\DynamicVertex</Filter>
    </ClCompile>
    <ClCompile Include="DynamicVerticesProvider.cpp">
      <Filter>Source Files\DynamicVertex</Filter>
    </ClCompile>
  </ItemGroup>
  <ItemGroup>
    <FxCompile Include="Shaders\Default.hlsl">
      <Filter>Source Files\Shaders</Filter>
    </FxCompile>
    <FxCompile Include="Shaders\LightingUtil.hlsl">
      <Filter>Source Files\Shaders</Filter>
    </FxCompile>
  </ItemGroup>
</Project>